
Microsoft Visual Studio Solution File, Format Version 12.00
# Visual Studio 15
VisualStudioVersion = 15.0.26730.10
MinimumVisualStudioVersion = 10.0.40219.1
Project("{FAE04EC0-301F-11D3-BF4B-00C04F79EFBC}") = "LinearSearch", "LinearSearch\LinearSearch.csproj", "{05495DF4-D035-4E00-80BF-7BC181829761}"
EndProject
Global
	GlobalSection(SolutionConfigurationPlatforms) = preSolution
		Debug|Any CPU = Debug|Any CPU
		Release|Any CPU = Release|Any CPU
	EndGlobalSection
	GlobalSection(ProjectConfigurationPlatforms) = postSolution
		{05495DF4-D035-4E00-80BF-7BC181829761}.Debug|Any CPU.ActiveCfg = Debug|Any CPU
		{05495DF4-D035-4E00-80BF-7BC181829761}.Debug|Any CPU.Build.0 = Debug|Any CPU
		{05495DF4-D035-4E00-80BF-7BC181829761}.Release|Any CPU.ActiveCfg = Release|Any CPU
		{05495DF4-D035-4E00-80BF-7BC181829761}.Release|Any CPU.Build.0 = Release|Any CPU
	EndGlobalSection
	GlobalSection(SolutionProperties) = preSolution
		HideSolutionNode = FALSE
	EndGlobalSection
	GlobalSection(ExtensibilityGlobals) = postSolution
		SolutionGuid = {A76843C6-F5DA-425A-B40A-594FB6803633}
	EndGlobalSection
EndGlobal
